
Microsoft Visual Studio Solution File, Format Version 12.00
# Visual Studio Version 16
VisualStudioVersion = 16.0.28803.452
MinimumVisualStudioVersion = 10.0.40219.1
Project("{888888A0-9F3D-457C-B088-3A5042F75D52}") = "pysystemtrade", "pysystemtrade.pyproj", "{8EFAA22A-77A8-424F-B970-60D61F60AE62}"
EndProject
Global
	GlobalSection(SolutionConfigurationPlatforms) = preSolution
		Debug|Any CPU = Debug|Any CPU
		Release|Any CPU = Release|Any CPU
	EndGlobalSection
	GlobalSection(ProjectConfigurationPlatforms) = postSolution
		{8EFAA22A-77A8-424F-B970-60D61F60AE62}.Debug|Any CPU.ActiveCfg = Debug|Any CPU
		{8EFAA22A-77A8-424F-B970-60D61F60AE62}.Release|Any CPU.ActiveCfg = Release|Any CPU
	EndGlobalSection
	GlobalSection(SolutionProperties) = preSolution
		HideSolutionNode = FALSE
	EndGlobalSection
	GlobalSection(ExtensibilityGlobals) = postSolution
		SolutionGuid = {79DF6A01-2ADD-4720-9568-A31899C15ADA}
	EndGlobalSection
EndGlobal
